
Microsoft Visual Studio Solution File, Format Version 12.00
# Visual Studio Version 17
VisualStudioVersion = 17.10.35027.167
MinimumVisualStudioVersion = 10.0.40219.1
Project("{9A19103F-16F7-4668-BE54-9A1E7A4F7556}") = "DotNetInActionConsole", "DotNetInActionConsole\DotNetInActionConsole.csproj", "{696AF9E9-AA61-4D29-9DC1-99AC9D22BC6C}"
EndProject
Project("{9A19103F-16F7-4668-BE54-9A1E7A4F7556}") = "AsciiArtSvc", "AsciiArtSvc\AsciiArtSvc.csproj", "{6A38D7A4-BAD2-46B3-A20C-64C3C73B52B2}"
EndProject
Project("{9A19103F-16F7-4668-BE54-9A1E7A4F7556}") = "CmdArgsTemplate", "CmdArgsTemplate\CmdArgsTemplate.csproj", "{177F3951-AA2C-4061-B245-BE888E771990}"
EndProject
Project("{9A19103F-16F7-4668-BE54-9A1E7A4F7556}") = "FindFiles", "FindFiles\FindFiles.csproj", "{51B3AF9B-BE66-44E9-919F-3CF6BF6EFEDF}"
EndProject
Project("{9A19103F-16F7-4668-BE54-9A1E7A4F7556}") = "WorkingWithJson", "WorkingWithJson\WorkingWithJson.csproj", "{DC25AEA6-3987-43C8-8112-A81FF07BE066}"
EndProject
Project("{9A19103F-16F7-4668-BE54-9A1E7A4F7556}") = "XkcdSearch", "XkcdSearch\XkcdSearch.csproj", "{31AEEADC-7D57-4CE7-9917-7E2E5E558F07}"
EndProject
Project("{9A19103F-16F7-4668-BE54-9A1E7A4F7556}") = "EFCoreBooks", "EFCoreBooks\EFCoreBooks.csproj", "{97E744B5-C3DD-4842-AAB0-09C7E3021E99}"
EndProject
Project("{9A19103F-16F7-4668-BE54-9A1E7A4F7556}") = "SukoduSolver", "SukoduSolver\SukoduSolver.csproj", "{5BAEFAF3-1AB6-4D68-83A8-AA86F7887B32}"
EndProject
Project("{9A19103F-16F7-4668-BE54-9A1E7A4F7556}") = "SudokuSolverTests", "SudokuSolverTests\SudokuSolverTests.csproj", "{A4881D92-6AF8-42A9-8406-45674373287B}"
EndProject
Project("{9A19103F-16F7-4668-BE54-9A1E7A4F7556}") = "SubsituteDependencies", "SubsituteDependencies\SubsituteDependencies.csproj", "{08121EAB-C537-4F4F-A025-69C6D0A40010}"
EndProject
Project("{9A19103F-16F7-4668-BE54-9A1E7A4F7556}") = "SubstituteDependenciesTests", "SubstituteDependenciesTests\SubstituteDependenciesTests.csproj", "{8291E1DD-76DF-40E0-ADB7-AAC157001899}"
EndProject
Project("{9A19103F-16F7-4668-BE54-9A1E7A4F7556}") = "CustomerBatchImporter", "CustomerBatchImporter\CustomerBatchImporter.csproj", "{359E162C-C1EF-4B77-B5BD-2B39905189BB}"
EndProject
Project("{9A19103F-16F7-4668-BE54-9A1E7A4F7556}") = "CustomerBatchImporter.UnitTests", "CustomerBatchImporter.UnitTests\CustomerBatchImporter.UnitTests.csproj", "{8326A01B-2EE6-419A-8855-3DDFDC20781B}"
EndProject
Project("{9A19103F-16F7-4668-BE54-9A1E7A4F7556}") = "XkcdComicFinder", "XkcdComicFinder\XkcdComicFinder.csproj", "{1AD67C2B-9C0E-4BD2-8415-624C5F77B791}"
EndProject
Project("{9A19103F-16F7-4668-BE54-9A1E7A4F7556}") = "XkcdComicFinder.Tests", "XkcdComicFinder.Tests\XkcdComicFinder.Tests.csproj", "{E814EB52-855A-40B8-A373-A372997B25FE}"
EndProject
Project("{9A19103F-16F7-4668-BE54-9A1E7A4F7556}") = "ComicFinderService", "ComicFinderService\ComicFinderService.csproj", "{4A513DE5-7F48-4C3F-A3EE-CD1241FD0EBC}"
EndProject
Project("{2150E333-8FDC-42A3-9474-1A3956D46DE8}") = "WebServices", "WebServices", "{2B6F1FC0-529D-4EFA-A61C-7DDCB2BEAD02}"
EndProject
Project("{2150E333-8FDC-42A3-9474-1A3956D46DE8}") = "FileAndNetworkIO", "FileAndNetworkIO", "{CE9DB7A9-5BF1-45F8-88BF-5766F5707EC6}"
EndProject
Project("{2150E333-8FDC-42A3-9474-1A3956D46DE8}") = "EFCore", "EFCore", "{90155730-98BB-4797-AE70-B253E54FE193}"
EndProject
Project("{2150E333-8FDC-42A3-9474-1A3956D46DE8}") = "UnitTestingFundamentals", "UnitTestingFundamentals", "{57B66C5F-2B12-4005-8ED2-4F0C5872F92D}"
EndProject
Project("{2150E333-8FDC-42A3-9474-1A3956D46DE8}") = "TestingDependenciesSubstitution", "TestingDependenciesSubstitution", "{2E422E08-E9ED-49A1-87B4-0B3B320B3EF8}"
EndProject
Project("{2150E333-8FDC-42A3-9474-1A3956D46DE8}") = "IntegrationTesting", "IntegrationTesting", "{991D50BA-698F-4539-92FC-5DE98BCECC71}"
EndProject
Project("{2150E333-8FDC-42A3-9474-1A3956D46DE8}") = "APISecurity", "APISecurity", "{405FFD56-C886-4526-A796-BAC387671396}"
EndProject
Project("{9A19103F-16F7-4668-BE54-9A1E7A4F7556}") = "BooksAPI", "BooksAPI\BooksAPI.csproj", "{F5EBE59B-8EBA-4A93-8922-39DC5079B5D6}"
EndProject
Project("{9A19103F-16F7-4668-BE54-9A1E7A4F7556}") = "BooksAPI.Tests", "BooksAPI.Tests\BooksAPI.Tests.csproj", "{06196888-D393-4811-8EF2-5CDFF56BCDC9}"
EndProject
Project("{2150E333-8FDC-42A3-9474-1A3956D46DE8}") = "HandlingFailures", "HandlingFailures", "{38822FC9-A28A-4978-AAAF-2846CA4989CE}"
EndProject
Project("{9A19103F-16F7-4668-BE54-9A1E7A4F7556}") = "MoneyTransfer", "MoneyTransfer\MoneyTransfer.csproj", "{C604FE14-F094-44F8-A954-4CB18A41176F}"
EndProject
Project("{9A19103F-16F7-4668-BE54-9A1E7A4F7556}") = "MoneyTransfer.Tests", "MoneyTransfer.Tests\MoneyTransfer.Tests.csproj", "{811BB3FB-0134-4182-9904-9218F3BF8CE4}"
EndProject
Project("{2150E333-8FDC-42A3-9474-1A3956D46DE8}") = "Internationalization", "Internationalization", "{0900C94D-3F0A-4995-9ECB-3841B00A6D5F}"
EndProject
Project("{9A19103F-16F7-4668-BE54-9A1E7A4F7556}") = "AcController", "AcController\AcController.csproj", "{FCDCCD33-3213-479D-9743-107644F2E32B}"
EndProject
Project("{9A19103F-16F7-4668-BE54-9A1E7A4F7556}") = "AcController.Tests", "AcController.Tests\AcController.Tests.csproj", "{770CBE99-54AE-4D22-8A75-282ADF02046C}"
EndProject
Project("{FAE04EC0-301F-11D3-BF4B-00C04F79EFBC}") = "AcController.Client", "AcController.Client\AcController.Client.csproj", "{C76EE104-2B75-4EF9-BFF5-328839556208}"
EndProject
Global
	GlobalSection(SolutionConfigurationPlatforms) = preSolution
		Debug|Any CPU = Debug|Any CPU
		Release|Any CPU = Release|Any CPU
	EndGlobalSection
	GlobalSection(ProjectConfigurationPlatforms) = postSolution
		{696AF9E9-AA61-4D29-9DC1-99AC9D22BC6C}.Debug|Any CPU.ActiveCfg = Debug|Any CPU
		{696AF9E9-AA61-4D29-9DC1-99AC9D22BC6C}.Debug|Any CPU.Build.0 = Debug|Any CPU
		{696AF9E9-AA61-4D29-9DC1-99AC9D22BC6C}.Release|Any CPU.ActiveCfg = Release|Any CPU
		{696AF9E9-AA61-4D29-9DC1-99AC9D22BC6C}.Release|Any CPU.Build.0 = Release|Any CPU
		{6A38D7A4-BAD2-46B3-A20C-64C3C73B52B2}.Debug|Any CPU.ActiveCfg = Debug|Any CPU
		{6A38D7A4-BAD2-46B3-A20C-64C3C73B52B2}.Debug|Any CPU.Build.0 = Debug|Any CPU
		{6A38D7A4-BAD2-46B3-A20C-64C3C73B52B2}.Release|Any CPU.ActiveCfg = Release|Any CPU
		{6A38D7A4-BAD2-46B3-A20C-64C3C73B52B2}.Release|Any CPU.Build.0 = Release|Any CPU
		{177F3951-AA2C-4061-B245-BE888E771990}.Debug|Any CPU.ActiveCfg = Debug|Any CPU
		{177F3951-AA2C-4061-B245-BE888E771990}.Debug|Any CPU.Build.0 = Debug|Any CPU
		{177F3951-AA2C-4061-B245-BE888E771990}.Release|Any CPU.ActiveCfg = Release|Any CPU
		{177F3951-AA2C-4061-B245-BE888E771990}.Release|Any CPU.Build.0 = Release|Any CPU
		{51B3AF9B-BE66-44E9-919F-3CF6BF6EFEDF}.Debug|Any CPU.ActiveCfg = Debug|Any CPU
		{51B3AF9B-BE66-44E9-919F-3CF6BF6EFEDF}.Debug|Any CPU.Build.0 = Debug|Any CPU
		{51B3AF9B-BE66-44E9-919F-3CF6BF6EFEDF}.Release|Any CPU.ActiveCfg = Release|Any CPU
		{51B3AF9B-BE66-44E9-919F-3CF6BF6EFEDF}.Release|Any CPU.Build.0 = Release|Any CPU
		{DC25AEA6-3987-43C8-8112-A81FF07BE066}.Debug|Any CPU.ActiveCfg = Debug|Any CPU
		{DC25AEA6-3987-43C8-8112-A81FF07BE066}.Debug|Any CPU.Build.0 = Debug|Any CPU
		{DC25AEA6-3987-43C8-8112-A81FF07BE066}.Release|Any CPU.ActiveCfg = Release|Any CPU
		{DC25AEA6-3987-43C8-8112-A81FF07BE066}.Release|Any CPU.Build.0 = Release|Any CPU
		{31AEEADC-7D57-4CE7-9917-7E2E5E558F07}.Debug|Any CPU.ActiveCfg = Debug|Any CPU
		{31AEEADC-7D57-4CE7-9917-7E2E5E558F07}.Debug|Any CPU.Build.0 = Debug|Any CPU
		{31AEEADC-7D57-4CE7-9917-7E2E5E558F07}.Release|Any CPU.ActiveCfg = Release|Any CPU
		{31AEEADC-7D57-4CE7-9917-7E2E5E558F07}.Release|Any CPU.Build.0 = Release|Any CPU
		{97E744B5-C3DD-4842-AAB0-09C7E3021E99}.Debug|Any CPU.ActiveCfg = Debug|Any CPU
		{97E744B5-C3DD-4842-AAB0-09C7E3021E99}.Debug|Any CPU.Build.0 = Debug|Any CPU
		{97E744B5-C3DD-4842-AAB0-09C7E3021E99}.Release|Any CPU.ActiveCfg = Release|Any CPU
		{97E744B5-C3DD-4842-AAB0-09C7E3021E99}.Release|Any CPU.Build.0 = Release|Any CPU
		{5BAEFAF3-1AB6-4D68-83A8-AA86F7887B32}.Debug|Any CPU.ActiveCfg = Debug|Any CPU
		{5BAEFAF3-1AB6-4D68-83A8-AA86F7887B32}.Debug|Any CPU.Build.0 = Debug|Any CPU
		{5BAEFAF3-1AB6-4D68-83A8-AA86F7887B32}.Release|Any CPU.ActiveCfg = Release|Any CPU
		{5BAEFAF3-1AB6-4D68-83A8-AA86F7887B32}.Release|Any CPU.Build.0 = Release|Any CPU
		{A4881D92-6AF8-42A9-8406-45674373287B}.Debug|Any CPU.ActiveCfg = Debug|Any CPU
		{A4881D92-6AF8-42A9-8406-45674373287B}.Debug|Any CPU.Build.0 = Debug|Any CPU
		{A4881D92-6AF8-42A9-8406-45674373287B}.Release|Any CPU.ActiveCfg = Release|Any CPU
		{A4881D92-6AF8-42A9-8406-45674373287B}.Release|Any CPU.Build.0 = Release|Any CPU
		{08121EAB-C537-4F4F-A025-69C6D0A40010}.Debug|Any CPU.ActiveCfg = Debug|Any CPU
		{08121EAB-C537-4F4F-A025-69C6D0A40010}.Debug|Any CPU.Build.0 = Debug|Any CPU
		{08121EAB-C537-4F4F-A025-69C6D0A40010}.Release|Any CPU.ActiveCfg = Release|Any CPU
		{08121EAB-C537-4F4F-A025-69C6D0A40010}.Release|Any CPU.Build.0 = Release|Any CPU
		{8291E1DD-76DF-40E0-ADB7-AAC157001899}.Debug|Any CPU.ActiveCfg = Debug|Any CPU
		{8291E1DD-76DF-40E0-ADB7-AAC157001899}.Debug|Any CPU.Build.0 = Debug|Any CPU
		{8291E1DD-76DF-40E0-ADB7-AAC157001899}.Release|Any CPU.ActiveCfg = Release|Any CPU
		{8291E1DD-76DF-40E0-ADB7-AAC157001899}.Release|Any CPU.Build.0 = Release|Any CPU
		{359E162C-C1EF-4B77-B5BD-2B39905189BB}.Debug|Any CPU.ActiveCfg = Debug|Any CPU
		{359E162C-C1EF-4B77-B5BD-2B39905189BB}.Debug|Any CPU.Build.0 = Debug|Any CPU
		{359E162C-C1EF-4B77-B5BD-2B39905189BB}.Release|Any CPU.ActiveCfg = Release|Any CPU
		{359E162C-C1EF-4B77-B5BD-2B39905189BB}.Release|Any CPU.Build.0 = Release|Any CPU
		{8326A01B-2EE6-419A-8855-3DDFDC20781B}.Debug|Any CPU.ActiveCfg = Debug|Any CPU
		{8326A01B-2EE6-419A-8855-3DDFDC20781B}.Debug|Any CPU.Build.0 = Debug|Any CPU
		{8326A01B-2EE6-419A-8855-3DDFDC20781B}.Release|Any CPU.ActiveCfg = Release|Any CPU
		{8326A01B-2EE6-419A-8855-3DDFDC20781B}.Release|Any CPU.Build.0 = Release|Any CPU
		{1AD67C2B-9C0E-4BD2-8415-624C5F77B791}.Debug|Any CPU.ActiveCfg = Debug|Any CPU
		{1AD67C2B-9C0E-4BD2-8415-624C5F77B791}.Debug|Any CPU.Build.0 = Debug|Any CPU
		{1AD67C2B-9C0E-4BD2-8415-624C5F77B791}.Release|Any CPU.ActiveCfg = Release|Any CPU
		{1AD67C2B-9C0E-4BD2-8415-624C5F77B791}.Release|Any CPU.Build.0 = Release|Any CPU
		{E814EB52-855A-40B8-A373-A372997B25FE}.Debug|Any CPU.ActiveCfg = Debug|Any CPU
		{E814EB52-855A-40B8-A373-A372997B25FE}.Debug|Any CPU.Build.0 = Debug|Any CPU
		{E814EB52-855A-40B8-A373-A372997B25FE}.Release|Any CPU.ActiveCfg = Release|Any CPU
		{E814EB52-855A-40B8-A373-A372997B25FE}.Release|Any CPU.Build.0 = Release|Any CPU
		{4A513DE5-7F48-4C3F-A3EE-CD1241FD0EBC}.Debug|Any CPU.ActiveCfg = Debug|Any CPU
		{4A513DE5-7F48-4C3F-A3EE-CD1241FD0EBC}.Debug|Any CPU.Build.0 = Debug|Any CPU
		{4A513DE5-7F48-4C3F-A3EE-CD1241FD0EBC}.Release|Any CPU.ActiveCfg = Release|Any CPU
		{4A513DE5-7F48-4C3F-A3EE-CD1241FD0EBC}.Release|Any CPU.Build.0 = Release|Any CPU
		{F5EBE59B-8EBA-4A93-8922-39DC5079B5D6}.Debug|Any CPU.ActiveCfg = Debug|Any CPU
		{F5EBE59B-8EBA-4A93-8922-39DC5079B5D6}.Debug|Any CPU.Build.0 = Debug|Any CPU
		{F5EBE59B-8EBA-4A93-8922-39DC5079B5D6}.Release|Any CPU.ActiveCfg = Release|Any CPU
		{F5EBE59B-8EBA-4A93-8922-39DC5079B5D6}.Release|Any CPU.Build.0 = Release|Any CPU
		{06196888-D393-4811-8EF2-5CDFF56BCDC9}.Debug|Any CPU.ActiveCfg = Debug|Any CPU
		{06196888-D393-4811-8EF2-5CDFF56BCDC9}.Debug|Any CPU.Build.0 = Debug|Any CPU
		{06196888-D393-4811-8EF2-5CDFF56BCDC9}.Release|Any CPU.ActiveCfg = Release|Any CPU
		{06196888-D393-4811-8EF2-5CDFF56BCDC9}.Release|Any CPU.Build.0 = Release|Any CPU
		{C604FE14-F094-44F8-A954-4CB18A41176F}.Debug|Any CPU.ActiveCfg = Debug|Any CPU
		{C604FE14-F094-44F8-A954-4CB18A41176F}.Debug|Any CPU.Build.0 = Debug|Any CPU
		{C604FE14-F094-44F8-A954-4CB18A41176F}.Release|Any CPU.ActiveCfg = Release|Any CPU
		{C604FE14-F094-44F8-A954-4CB18A41176F}.Release|Any CPU.Build.0 = Release|Any CPU
		{811BB3FB-0134-4182-9904-9218F3BF8CE4}.Debug|Any CPU.ActiveCfg = Debug|Any CPU
		{811BB3FB-0134-4182-9904-9218F3BF8CE4}.Debug|Any CPU.Build.0 = Debug|Any CPU
		{811BB3FB-0134-4182-9904-9218F3BF8CE4}.Release|Any CPU.ActiveCfg = Release|Any CPU
		{811BB3FB-0134-4182-9904-9218F3BF8CE4}.Release|Any CPU.Build.0 = Release|Any CPU
		{FCDCCD33-3213-479D-9743-107644F2E32B}.Debug|Any CPU.ActiveCfg = Debug|Any CPU
		{FCDCCD33-3213-479D-9743-107644F2E32B}.Debug|Any CPU.Build.0 = Debug|Any CPU
		{FCDCCD33-3213-479D-9743-107644F2E32B}.Release|Any CPU.ActiveCfg = Release|Any CPU
		{FCDCCD33-3213-479D-9743-107644F2E32B}.Release|Any CPU.Build.0 = Release|Any CPU
		{770CBE99-54AE-4D22-8A75-282ADF02046C}.Debug|Any CPU.ActiveCfg = Debug|Any CPU
		{770CBE99-54AE-4D22-8A75-282ADF02046C}.Debug|Any CPU.Build.0 = Debug|Any CPU
		{770CBE99-54AE-4D22-8A75-282ADF02046C}.Release|Any CPU.ActiveCfg = Release|Any CPU
		{770CBE99-54AE-4D22-8A75-282ADF02046C}.Release|Any CPU.Build.0 = Release|Any CPU
		{C76EE104-2B75-4EF9-BFF5-328839556208}.Debug|Any CPU.ActiveCfg = Debug|Any CPU
		{C76EE104-2B75-4EF9-BFF5-328839556208}.Debug|Any CPU.Build.0 = Debug|Any CPU
		{C76EE104-2B75-4EF9-BFF5-328839556208}.Release|Any CPU.ActiveCfg = Release|Any CPU
		{C76EE104-2B75-4EF9-BFF5-328839556208}.Release|Any CPU.Build.0 = Release|Any CPU
	EndGlobalSection
	GlobalSection(SolutionProperties) = preSolution
		HideSolutionNode = FALSE
	EndGlobalSection
	GlobalSection(NestedProjects) = preSolution
		{6A38D7A4-BAD2-46B3-A20C-64C3C73B52B2} = {2B6F1FC0-529D-4EFA-A61C-7DDCB2BEAD02}
		{177F3951-AA2C-4061-B245-BE888E771990} = {CE9DB7A9-5BF1-45F8-88BF-5766F5707EC6}
		{51B3AF9B-BE66-44E9-919F-3CF6BF6EFEDF} = {CE9DB7A9-5BF1-45F8-88BF-5766F5707EC6}
		{31AEEADC-7D57-4CE7-9917-7E2E5E558F07} = {CE9DB7A9-5BF1-45F8-88BF-5766F5707EC6}
		{97E744B5-C3DD-4842-AAB0-09C7E3021E99} = {90155730-98BB-4797-AE70-B253E54FE193}
		{5BAEFAF3-1AB6-4D68-83A8-AA86F7887B32} = {57B66C5F-2B12-4005-8ED2-4F0C5872F92D}
		{A4881D92-6AF8-42A9-8406-45674373287B} = {57B66C5F-2B12-4005-8ED2-4F0C5872F92D}
		{08121EAB-C537-4F4F-A025-69C6D0A40010} = {2E422E08-E9ED-49A1-87B4-0B3B320B3EF8}
		{8291E1DD-76DF-40E0-ADB7-AAC157001899} = {2E422E08-E9ED-49A1-87B4-0B3B320B3EF8}
		{359E162C-C1EF-4B77-B5BD-2B39905189BB} = {2E422E08-E9ED-49A1-87B4-0B3B320B3EF8}
		{8326A01B-2EE6-419A-8855-3DDFDC20781B} = {2E422E08-E9ED-49A1-87B4-0B3B320B3EF8}
		{1AD67C2B-9C0E-4BD2-8415-624C5F77B791} = {991D50BA-698F-4539-92FC-5DE98BCECC71}
		{E814EB52-855A-40B8-A373-A372997B25FE} = {991D50BA-698F-4539-92FC-5DE98BCECC71}
		{4A513DE5-7F48-4C3F-A3EE-CD1241FD0EBC} = {991D50BA-698F-4539-92FC-5DE98BCECC71}
		{F5EBE59B-8EBA-4A93-8922-39DC5079B5D6} = {405FFD56-C886-4526-A796-BAC387671396}
		{06196888-D393-4811-8EF2-5CDFF56BCDC9} = {405FFD56-C886-4526-A796-BAC387671396}
		{C604FE14-F094-44F8-A954-4CB18A41176F} = {38822FC9-A28A-4978-AAAF-2846CA4989CE}
		{811BB3FB-0134-4182-9904-9218F3BF8CE4} = {38822FC9-A28A-4978-AAAF-2846CA4989CE}
		{FCDCCD33-3213-479D-9743-107644F2E32B} = {0900C94D-3F0A-4995-9ECB-3841B00A6D5F}
		{770CBE99-54AE-4D22-8A75-282ADF02046C} = {0900C94D-3F0A-4995-9ECB-3841B00A6D5F}
		{C76EE104-2B75-4EF9-BFF5-328839556208} = {0900C94D-3F0A-4995-9ECB-3841B00A6D5F}
	EndGlobalSection
	GlobalSection(ExtensibilityGlobals) = postSolution
		SolutionGuid = {D5014FA1-2A5F-472C-AD66-B406B9B0CE0C}
	EndGlobalSection
EndGlobal
